// !$*UTF8*$!
{
	archiveVersion = 1;
	classes = {
	};
	objectVersion = 46;
	objects = {

/* Begin PBXBuildFile section */
		CEA20A43197914BB0066946B /* Foundation.framework in Frameworks */ = {isa = PBXBuildFile; fileRef = CEA20A42197914BB0066946B /* Foundation.framework */; };
		CEA20A45197914BB0066946B /* CoreGraphics.framework in Frameworks */ = {isa = PBXBuildFile; fileRef = CEA20A44197914BB0066946B /* CoreGraphics.framework */; };
		CEA20A47197914BB0066946B /* UIKit.framework in Frameworks */ = {isa = PBXBuildFile; fileRef = CEA20A46197914BB0066946B /* UIKit.framework */; };
		CEA20A4D197914BB0066946B /* InfoPlist.strings in Resources */ = {isa = PBXBuildFile; fileRef = CEA20A4B197914BB0066946B /* InfoPlist.strings */; };
		CEA20A4F197914BB0066946B /* main.m in Sources */ = {isa = PBXBuildFile; fileRef = CEA20A4E197914BB0066946B /* main.m */; };
		CEA20A53197914BB0066946B /* KKAppDelegate.m in Sources */ = {isa = PBXBuildFile; fileRef = CEA20A52197914BB0066946B /* KKAppDelegate.m */; };
		CEA20A56197914BB0066946B /* Main.storyboard in Resources */ = {isa = PBXBuildFile; fileRef = CEA20A54197914BB0066946B /* Main.storyboard */; };
		CEA20A59197914BB0066946B /* KKViewController.m in Sources */ = {isa = PBXBuildFile; fileRef = CEA20A58197914BB0066946B /* KKViewController.m */; };
		CEA20A5B197914BB0066946B /* Images.xcassets in Resources */ = {isa = PBXBuildFile; fileRef = CEA20A5A197914BB0066946B /* Images.xcassets */; };
		CEA20A62197914BB0066946B /* XCTest.framework in Frameworks */ = {isa = PBXBuildFile; fileRef = CEA20A61197914BB0066946B /* XCTest.framework */; };
		CEA20A63197914BB0066946B /* Foundation.framework in Frameworks */ = {isa = PBXBuildFile; fileRef = CEA20A42197914BB0066946B /* Foundation.framework */; };
		CEA20A64197914BB0066946B /* UIKit.framework in Frameworks */ = {isa = PBXBuildFile; fileRef = CEA20A46197914BB0066946B /* UIKit.framework */; };
		CEA20A6C197914BB0066946B /* InfoPlist.strings in Resources */ = {isa = PBXBuildFile; fileRef = CEA20A6A197914BB0066946B /* InfoPlist.strings */; };
		CEA20A6E197914BB0066946B /* ThreadDemoTests.m in Sources */ = {isa = PBXBuildFile; fileRef = CEA20A6D197914BB0066946B /* ThreadDemoTests.m */; };
/* End PBXBuildFile section */

/* Begin PBXContainerItemProxy section */
		CEA20A65197914BB0066946B /* PBXContainerItemProxy */ = {
			isa = PBXContainerItemProxy;
			containerPortal = CEA20A37197914BB0066946B /* Project object */;
			proxyType = 1;
			remoteGlobalIDString = CEA20A3E197914BB0066946B;
			remoteInfo = ThreadDemo;
		};
/* End PBXContainerItemProxy section */

/* Begin PBXFileReference section */
		CEA20A3F197914BB0066946B /* ThreadDemo.app */ = {isa = PBXFileReference; explicitFileType = wrapper.application; includeInIndex = 0; path = ThreadDemo.app; sourceTree = BUILT_PRODUCTS_DIR; };
		CEA20A42197914BB0066946B /* Foundation.framework */ = {isa = PBXFileReference; lastKnownFileType = wrapper.framework; name = Foundation.framework; path = System/Library/Frameworks/Foundation.framework; sourceTree = SDKROOT; };
		CEA20A44197914BB0066946B /* CoreGraphics.framework */ = {isa = PBXFileReference; lastKnownFileType = wrapper.framework; name = CoreGraphics.framework; path = System/Library/Frameworks/CoreGraphics.framework; sourceTree = SDKROOT; };
		CEA20A46197914BB0066946B /* UIKit.framework */ = {isa = PBXFileReference; lastKnownFileType = wrapper.framework; name = UIKit.framework; path = System/Library/Frameworks/UIKit.framework; sourceTree = SDKROOT; };
		CEA20A4A197914BB0066946B /* ThreadDemo-Info.plist */ = {isa = PBXFileReference; lastKnownFileType = text.plist.xml; path = "ThreadDemo-Info.plist"; sourceTree = "<group>"; };
		CEA20A4C197914BB0066946B /* en */ = {isa = PBXFileReference; lastKnownFileType = text.plist.strings; name = en; path = en.lproj/InfoPlist.strings; sourceTree = "<group>"; };
		CEA20A4E197914BB0066946B /* main.m */ = {isa = PBXFileReference; lastKnownFileType = sourcecode.c.objc; path = main.m; sourceTree = "<group>"; };
		CEA20A50197914BB0066946B /* ThreadDemo-Prefix.pch */ = {isa = PBXFileReference; lastKnownFileType = sourcecode.c.h; path = "ThreadDemo-Prefix.pch"; sourceTree = "<group>"; };
		CEA20A51197914BB0066946B /* KKAppDelegate.h */ = {isa = PBXFileReference; lastKnownFileType = sourcecode.c.h; path = KKAppDelegate.h; sourceTree = "<group>"; };
		CEA20A52197914BB0066946B /* KKAppDelegate.m */ = {isa = PBXFileReference; lastKnownFileType = sourcecode.c.objc; path = KKAppDelegate.m; sourceTree = "<group>"; };
		CEA20A55197914BB0066946B /* Base */ = {isa = PBXFileReference; lastKnownFileType = file.storyboard; name = Base; path = Base.lproj/Main.storyboard; sourceTree = "<group>"; };
		CEA20A57197914BB0066946B /* KKViewController.h */ = {isa = PBXFileReference; lastKnownFileType = sourcecode.c.h; path = KKViewController.h; sourceTree = "<group>"; };
		CEA20A58197914BB0066946B /* KKViewController.m */ = {isa = PBXFileReference; lastKnownFileType = sourcecode.c.objc; path = KKViewController.m; sourceTree = "<group>"; };
		CEA20A5A197914BB0066946B /* Images.xcassets */ = {isa = PBXFileReference; lastKnownFileType = folder.assetcatalog; path = Images.xcassets; sourceTree = "<group>"; };
		CEA20A60197914BB0066946B /* ThreadDemoTests.xctest */ = {isa = PBXFileReference; explicitFileType = wrapper.cfbundle; includeInIndex = 0; path = ThreadDemoTests.xctest; sourceTree = BUILT_PRODUCTS_DIR; };
		CEA20A61197914BB0066946B /* XCTest.framework */ = {isa = PBXFileReference; lastKnownFileType = wrapper.framework; name = XCTest.framework; path = Library/Frameworks/XCTest.framework; sourceTree = DEVELOPER_DIR; };
		CEA20A69197914BB0066946B /* ThreadDemoTests-Info.plist */ = {isa = PBXFileReference; lastKnownFileType = text.plist.xml; path = "ThreadDemoTests-Info.plist"; sourceTree = "<group>"; };
		CEA20A6B197914BB0066946B /* en */ = {isa = PBXFileReference; lastKnownFileType = text.plist.strings; name = en; path = en.lproj/InfoPlist.strings; sourceTree = "<group>"; };
		CEA20A6D197914BB0066946B /* ThreadDemoTests.m */ = {isa = PBXFileReference; lastKnownFileType = sourcecode.c.objc; path = ThreadDemoTests.m; sourceTree = "<group>"; };
/* End PBXFileReference section */

/* Begin PBXFrameworksBuildPhase section */
		CEA20A3C197914BB0066946B /* Frameworks */ = {
			isa = PBXFrameworksBuildPhase;
			buildActionMask = 2147483647;
			files = (
				CEA20A45197914BB0066946B /* CoreGraphics.framework in Frameworks */,
				CEA20A47197914BB0066946B /* UIKit.framework in Frameworks */,
				CEA20A43197914BB0066946B /* Foundation.framework in Frameworks */,
			);
			runOnlyForDeploymentPostprocessing = 0;
		};
		CEA20A5D197914BB0066946B /* Frameworks */ = {
			isa = PBXFrameworksBuildPhase;
			buildActionMask = 2147483647;
			files = (
				CEA20A62197914BB0066946B /* XCTest.framework in Frameworks */,
				CEA20A64197914BB0066946B /* UIKit.framework in Frameworks */,
				CEA20A63197914BB0066946B /* Foundation.framework in Frameworks */,
			);
			runOnlyForDeploymentPostprocessing = 0;
		};
/* End PBXFrameworksBuildPhase section */

/* Begin PBXGroup section */
		CEA20A36197914BB0066946B = {
			isa = PBXGroup;
			children = (
				CEA20A48197914BB0066946B /* ThreadDemo */,
				CEA20A67197914BB0066946B /* ThreadDemoTests */,
				CEA20A41197914BB0066946B /* Frameworks */,
				CEA20A40197914BB0066946B /* Products */,
			);
			sourceTree = "<group>";
		};
		CEA20A40197914BB0066946B /* Products */ = {
			isa = PBXGroup;
			children = (
				CEA20A3F197914BB0066946B /* ThreadDemo.app */,
				CEA20A60197914BB0066946B /* ThreadDemoTests.xctest */,
			);
			name = Products;
			sourceTree = "<group>";
		};
		CEA20A41197914BB0066946B /* Frameworks */ = {
			isa = PBXGroup;
			children = (
				CEA20A42197914BB0066946B /* Foundation.framework */,
				CEA20A44197914BB0066946B /* CoreGraphics.framework */,
				CEA20A46197914BB0066946B /* UIKit.framework */,
				CEA20A61197914BB0066946B /* XCTest.framework */,
			);
			name = Frameworks;
			sourceTree = "<group>";
		};
		CEA20A48197914BB0066946B /* ThreadDemo */ = {
			isa = PBXGroup;
			children = (
				CEA20A51197914BB0066946B /* KKAppDelegate.h */,
				CEA20A52197914BB0066946B /* KKAppDelegate.m */,
				CEA20A54197914BB0066946B /* Main.storyboard */,
				CEA20A57197914BB0066946B /* KKViewController.h */,
				CEA20A58197914BB0066946B /* KKViewController.m */,
				CEA20A5A197914BB0066946B /* Images.xcassets */,
				CEA20A49197914BB0066946B /* Supporting Files */,
			);
			path = ThreadDemo;
			sourceTree = "<group>";
		};
		CEA20A49197914BB0066946B /* Supporting Files */ = {
			isa = PBXGroup;
			children = (
				CEA20A4A197914BB0066946B /* ThreadDemo-Info.plist */,
				CEA20A4B197914BB0066946B /* InfoPlist.strings */,
				CEA20A4E197914BB0066946B /* main.m */,
				CEA20A50197914BB0066946B /* ThreadDemo-Prefix.pch */,
			);
			name = "Supporting Files";
			sourceTree = "<group>";
		};
		CEA20A67197914BB0066946B /* ThreadDemoTests */ = {
			isa = PBXGroup;
			children = (
				CEA20A6D197914BB0066946B /* ThreadDemoTests.m */,
				CEA20A68197914BB0066946B /* Supporting Files */,
			);
			path = ThreadDemoTests;
			sourceTree = "<group>";
		};
		CEA20A68197914BB0066946B /* Supporting Files */ = {
			isa = PBXGroup;
			children = (
				CEA20A69197914BB0066946B /* ThreadDemoTests-Info.plist */,
				CEA20A6A197914BB0066946B /* InfoPlist.strings */,
			);
			name = "Supporting Files";
			sourceTree = "<group>";
		};
/* End PBXGroup section */

/* Begin PBXNativeTarget section */
		CEA20A3E197914BB0066946B /* ThreadDemo */ = {
			isa = PBXNativeTarget;
			buildConfigurationList = CEA20A71197914BB0066946B /* Build configuration list for PBXNativeTarget "ThreadDemo" */;
			buildPhases = (
				CEA20A3B197914BB0066946B /* Sources */,
				CEA20A3C197914BB0066946B /* Frameworks */,
				CEA20A3D197914BB0066946B /* Resources */,
			);
			buildRules = (
			);
			dependencies = (
			);
			name = ThreadDemo;
			productName = ThreadDemo;
			productReference = CEA20A3F197914BB0066946B /* ThreadDemo.app */;
			productType = "com.apple.product-type.application";
		};
		CEA20A5F197914BB0066946B /* ThreadDemoTests */ = {
			isa = PBXNativeTarget;
			buildConfigurationList = CEA20A74197914BB0066946B /* Build configuration list for PBXNativeTarget "ThreadDemoTests" */;
			buildPhases = (
				CEA20A5C197914BB0066946B /* Sources */,
				CEA20A5D197914BB0066946B /* Frameworks */,
				CEA20A5E197914BB0066946B /* Resources */,
			);
			buildRules = (
			);
			dependencies = (
				CEA20A66197914BB0066946B /* PBXTargetDependency */,
			);
			name = ThreadDemoTests;
			productName = ThreadDemoTests;
			productReference = CEA20A60197914BB0066946B /* ThreadDemoTests.xctest */;
			productType = "com.apple.product-type.bundle.unit-test";
		};
/* End PBXNativeTarget section */

/* Begin PBXProject section */
		CEA20A37197914BB0066946B /* Project object */ = {
			isa = PBXProject;
			attributes = {
				CLASSPREFIX = KK;
				LastUpgradeCheck = 0510;
				ORGANIZATIONNAME = QTPay;
				TargetAttributes = {
					CEA20A5F197914BB0066946B = {
						TestTargetID = CEA20A3E197914BB0066946B;
					};
				};
			};
			buildConfigurationList = CEA20A3A197914BB0066946B /* Build configuration list for PBXProject "ThreadDemo" */;
			compatibilityVersion = "Xcode 3.2";
			developmentRegion = English;
			hasScannedForEncodings = 0;
			knownRegions = (
				en,
				Base,
			);
			mainGroup = CEA20A36197914BB0066946B;
			productRefGroup = CEA20A40197914BB0066946B /* Products */;
			projectDirPath = "";
			projectRoot = "";
			targets = (
				CEA20A3E197914BB0066946B /* ThreadDemo */,
				CEA20A5F197914BB0066946B /* ThreadDemoTests */,
			);
		};
/* End PBXProject section */

/* Begin PBXResourcesBuildPhase section */
		CEA20A3D197914BB0066946B /* Resources */ = {
			isa = PBXResourcesBuildPhase;
			buildActionMask = 2147483647;
			files = (
				CEA20A5B197914BB0066946B /* Images.xcassets in Resources */,
				CEA20A4D197914BB0066946B /* InfoPlist.strings in Resources */,
				CEA20A56197914BB0066946B /* Main.storyboard in Resources */,
			);
			runOnlyForDeploymentPostprocessing = 0;
		};
		CEA20A5E197914BB0066946B /* Resources */ = {
			isa = PBXResourcesBuildPhase;
			buildActionMask = 2147483647;
			files = (
				CEA20A6C197914BB0066946B /* InfoPlist.strings in Resources */,
			);
			runOnlyForDeploymentPostprocessing = 0;
		};
/* End PBXResourcesBuildPhase section */

/* Begin PBXSourcesBuildPhase section */
		CEA20A3B197914BB0066946B /* Sources */ = {
			isa = PBXSourcesBuildPhase;
			buildActionMask = 2147483647;
			files = (
				CEA20A59197914BB0066946B /* KKViewController.m in Sources */,
				CEA20A53197914BB0066946B /* KKAppDelegate.m in Sources */,
				CEA20A4F197914BB0066946B /* main.m in Sources */,
			);
			runOnlyForDeploymentPostprocessing = 0;
		};
		CEA20A5C197914BB0066946B /* Sources */ = {
			isa = PBXSourcesBuildPhase;
			buildActionMask = 2147483647;
			files = (
				CEA20A6E197914BB0066946B /* ThreadDemoTests.m in Sources */,
			);
			runOnlyForDeploymentPostprocessing = 0;
		};
/* End PBXSourcesBuildPhase section */

/* Begin PBXTargetDependency section */
		CEA20A66197914BB0066946B /* PBXTargetDependency */ = {
			isa = PBXTargetDependency;
			target = CEA20A3E197914BB0066946B /* ThreadDemo */;
			targetProxy = CEA20A65197914BB0066946B /* PBXContainerItemProxy */;
		};
/* End PBXTargetDependency section */

/* Begin PBXVariantGroup section */
		CEA20A4B197914BB0066946B /* InfoPlist.strings */ = {
			isa = PBXVariantGroup;
			children = (
				CEA20A4C197914BB0066946B /* en */,
			);
			name = InfoPlist.strings;
			sourceTree = "<group>";
		};
		CEA20A54197914BB0066946B /* Main.storyboard */ = {
			isa = PBXVariantGroup;
			children = (
				CEA20A55197914BB0066946B /* Base */,
			);
			name = Main.storyboard;
			sourceTree = "<group>";
		};
		CEA20A6A197914BB0066946B /* InfoPlist.strings */ = {
			isa = PBXVariantGroup;
			children = (
				CEA20A6B197914BB0066946B /* en */,
			);
			name = InfoPlist.strings;
			sourceTree = "<group>";
		};
/* End PBXVariantGroup section */

/* Begin XCBuildConfiguration section */
		CEA20A6F197914BB0066946B /* Debug */ = {
			isa = XCBuildConfiguration;
			buildSettings = {
				ALWAYS_SEARCH_USER_PATHS = NO;
				CLANG_CXX_LANGUAGE_STANDARD = "gnu++0x";
				CLANG_CXX_LIBRARY = "libc++";
				CLANG_ENABLE_MODULES = YES;
				CLANG_ENABLE_OBJC_ARC = YES;
				CLANG_WARN_BOOL_CONVERSION = YES;
				CLANG_WARN_CONSTANT_CONVERSION = YES;
				CLANG_WARN_DIRECT_OBJC_ISA_USAGE = YES_ERROR;
				CLANG_WARN_EMPTY_BODY = YES;
				CLANG_WARN_ENUM_CONVERSION = YES;
				CLANG_WARN_INT_CONVERSION = YES;
				CLANG_WARN_OBJC_ROOT_CLASS = YES_ERROR;
				CLANG_WARN__DUPLICATE_METHOD_MATCH = YES;
				"CODE_SIGN_IDENTITY[sdk=iphoneos*]" = "iPhone Developer";
				COPY_PHASE_STRIP = NO;
				GCC_C_LANGUAGE_STANDARD = gnu99;
				GCC_DYNAMIC_NO_PIC = NO;
				GCC_OPTIMIZATION_LEVEL = 0;
				GCC_PREPROCESSOR_DEFINITIONS = (
					"DEBUG=1",
					"$(inherited)",
				);
				GCC_SYMBOLS_PRIVATE_EXTERN = NO;
				GCC_WARN_64_TO_32_BIT_CONVERSION = YES;
				GCC_WARN_ABOUT_RETURN_TYPE = YES_ERROR;
				GCC_WARN_UNDECLARED_SELECTOR = YES;
				GCC_WARN_UNINITIALIZED_AUTOS = YES_AGGRESSIVE;
				GCC_WARN_UNUSED_FUNCTION = YES;
				GCC_WARN_UNUSED_VARIABLE = YES;
				IPHONEOS_DEPLOYMENT_TARGET = 7.1;
				ONLY_ACTIVE_ARCH = YES;
				SDKROOT = iphoneos;
			};
			name = Debug;
		};
		CEA20A70197914BB0066946B /* Release */ = {
			isa = XCBuildConfiguration;
			buildSettings = {
				ALWAYS_SEARCH_USER_PATHS = NO;
				CLANG_CXX_LANGUAGE_STANDARD = "gnu++0x";
				CLANG_CXX_LIBRARY = "libc++";
				CLANG_ENABLE_MODULES = YES;
				CLANG_ENABLE_OBJC_ARC = YES;
				CLANG_WARN_BOOL_CONVERSION = YES;
				CLANG_WARN_CONSTANT_CONVERSION = YES;
				CLANG_WARN_DIRECT_OBJC_ISA_USAGE = YES_ERROR;
				CLANG_WARN_EMPTY_BODY = YES;
				CLANG_WARN_ENUM_CONVERSION = YES;
				CLANG_WARN_INT_CONVERSION = YES;
				CLANG_WARN_OBJC_ROOT_CLASS = YES_ERROR;
				CLANG_WARN__DUPLICATE_METHOD_MATCH = YES;
				"CODE_SIGN_IDENTITY[sdk=iphoneos*]" = "iPhone Developer";
				COPY_PHASE_STRIP = YES;
				ENABLE_NS_ASSERTIONS = NO;
				GCC_C_LANGUAGE_STANDARD = gnu99;
				GCC_WARN_64_TO_32_BIT_CONVERSION = YES;
				GCC_WARN_ABOUT_RETURN_TYPE = YES_ERROR;
				GCC_WARN_UNDECLARED_SELECTOR = YES;
				GCC_WARN_UNINITIALIZED_AUTOS = YES_AGGRESSIVE;
				GCC_WARN_UNUSED_FUNCTION = YES;
				GCC_WARN_UNUSED_VARIABLE = YES;
				IPHONEOS_DEPLOYMENT_TARGET = 7.1;
				SDKROOT = iphoneos;
				VALIDATE_PRODUCT = YES;
			};
			name = Release;
		};
		CEA20A72197914BB0066946B /* Debug */ = {
			isa = XCBuildConfiguration;
			buildSettings = {
				ASSETCATALOG_COMPILER_APPICON_NAME = AppIcon;
				ASSETCATALOG_COMPILER_LAUNCHIMAGE_NAME = LaunchImage;
				GCC_PRECOMPILE_PREFIX_HEADER = YES;
				GCC_PREFIX_HEADER = "ThreadDemo/ThreadDemo-Prefix.pch";
				INFOPLIST_FILE = "ThreadDemo/ThreadDemo-Info.plist";
				PRODUCT_NAME = "$(TARGET_NAME)";
				WRAPPER_EXTENSION = app;
			};
			name = Debug;
		};
		CEA20A73197914BB0066946B /* Release */ = {
			isa = XCBuildConfiguration;
			buildSettings = {
				ASSETCATALOG_COMPILER_APPICON_NAME = AppIcon;
				ASSETCATALOG_COMPILER_LAUNCHIMAGE_NAME = LaunchImage;
				GCC_PRECOMPILE_PREFIX_HEADER = YES;
				GCC_PREFIX_HEADER = "ThreadDemo/ThreadDemo-Prefix.pch";
				INFOPLIST_FILE = "ThreadDemo/ThreadDemo-Info.plist";
				PRODUCT_NAME = "$(TARGET_NAME)";
				WRAPPER_EXTENSION = app;
			};
			name = Release;
		};
		CEA20A75197914BB0066946B /* Debug */ = {
			isa = XCBuildConfiguration;
			buildSettings = {
				BUNDLE_LOADER = "$(BUILT_PRODUCTS_DIR)/ThreadDemo.app/ThreadDemo";
				FRAMEWORK_SEARCH_PATHS = (
					"$(SDKROOT)/Developer/Library/Frameworks",
					"$(inherited)",
					"$(DEVELOPER_FRAMEWORKS_DIR)",
				);
				GCC_PRECOMPILE_PREFIX_HEADER = YES;
				GCC_PREFIX_HEADER = "ThreadDemo/ThreadDemo-Prefix.pch";
				GCC_PREPROCESSOR_DEFINITIONS = (
					"DEBUG=1",
					"$(inherited)",
				);
				INFOPLIST_FILE = "ThreadDemoTests/ThreadDemoTests-Info.plist";
				PRODUCT_NAME = "$(TARGET_NAME)";
				TEST_HOST = "$(BUNDLE_LOADER)";
				WRAPPER_EXTENSION = xctest;
			};
			name = Debug;
		};
		CEA20A76197914BB0066946B /* Release */ = {
			isa = XCBuildConfiguration;
			buildSettings = {
				BUNDLE_LOADER = "$(BUILT_PRODUCTS_DIR)/ThreadDemo.app/ThreadDemo";
				FRAMEWORK_SEARCH_PATHS = (
					"$(SDKROOT)/Developer/Library/Frameworks",
					"$(inherited)",
					"$(DEVELOPER_FRAMEWORKS_DIR)",
				);
				GCC_PRECOMPILE_PREFIX_HEADER = YES;
				GCC_PREFIX_HEADER = "ThreadDemo/ThreadDemo-Prefix.pch";
				INFOPLIST_FILE = "ThreadDemoTests/ThreadDemoTests-Info.plist";
				PRODUCT_NAME = "$(TARGET_NAME)";
				TEST_HOST = "$(BUNDLE_LOADER)";
				WRAPPER_EXTENSION = xctest;
			};
			name = Release;
		};
/* End XCBuildConfiguration section */

/* Begin XCConfigurationList section */
		CEA20A3A197914BB0066946B /* Build configuration list for PBXProject "ThreadDemo" */ = {
			isa = XCConfigurationList;
			buildConfigurations = (
				CEA20A6F197914BB0066946B /* Debug */,
				CEA20A70197914BB0066946B /* Release */,
			);
			defaultConfigurationIsVisible = 0;
			defaultConfigurationName = Release;
		};
		CEA20A71197914BB0066946B /* Build configuration list for PBXNativeTarget "ThreadDemo" */ = {
			isa = XCConfigurationList;
			buildConfigurations = (
				CEA20A72197914BB0066946B /* Debug */,
				CEA20A73197914BB0066946B /* Release */,
			);
			defaultConfigurationIsVisible = 0;
		};
		CEA20A74197914BB0066946B /* Build configuration list for PBXNativeTarget "ThreadDemoTests" */ = {
			isa = XCConfigurationList;
			buildConfigurations = (
				CEA20A75197914BB0066946B /* Debug */,
				CEA20A76197914BB0066946B /* Release */,
			);
			defaultConfigurationIsVisible = 0;
		};
/* End XCConfigurationList section */
	};
	rootObject = CEA20A37197914BB0066946B /* Project object */;
}
